
Microsoft Visual Studio Solution File, Format Version 12.00
# Visual Studio Version 16
VisualStudioVersion = 16.0.30523.141
MinimumVisualStudioVersion = 10.0.40219.1
Project("{FAE04EC0-301F-11D3-BF4B-00C04F79EFBC}") = "JsonConverter", "JsonConverter.csproj", "{727D1E0E-4B76-4E99-8615-1F3150E013D2}"
EndProject
Global
	GlobalSection(SolutionConfigurationPlatforms) = preSolution
		Debug|Any CPU = Debug|Any CPU
		Release|Any CPU = Release|Any CPU
	EndGlobalSection
	GlobalSection(ProjectConfigurationPlatforms) = postSolution
		{727D1E0E-4B76-4E99-8615-1F3150E013D2}.Debug|Any CPU.ActiveCfg = Debug|Any CPU
		{727D1E0E-4B76-4E99-8615-1F3150E013D2}.Debug|Any CPU.Build.0 = Debug|Any CPU
		{727D1E0E-4B76-4E99-8615-1F3150E013D2}.Release|Any CPU.ActiveCfg = Release|Any CPU
		{727D1E0E-4B76-4E99-8615-1F3150E013D2}.Release|Any CPU.Build.0 = Release|Any CPU
	EndGlobalSection
	GlobalSection(SolutionProperties) = preSolution
		HideSolutionNode = FALSE
	EndGlobalSection
	GlobalSection(ExtensibilityGlobals) = postSolution
		SolutionGuid = {2407209C-66AD-436E-A3DC-C93ACC50B509}
	EndGlobalSection
EndGlobal
