
Microsoft Visual Studio Solution File, Format Version 12.00
# Visual Studio Version 16
VisualStudioVersion = 16.0.30523.141
MinimumVisualStudioVersion = 10.0.40219.1
Project("{FAE04EC0-301F-11D3-BF4B-00C04F79EFBC}") = "ConsoleApp1", "ConsoleApp1.csproj", "{F3A9C2FB-15E3-45C7-954B-038F3EE8E750}"
EndProject
Global
	GlobalSection(SolutionConfigurationPlatforms) = preSolution
		Debug|Any CPU = Debug|Any CPU
		Release|Any CPU = Release|Any CPU
	EndGlobalSection
	GlobalSection(ProjectConfigurationPlatforms) = postSolution
		{F3A9C2FB-15E3-45C7-954B-038F3EE8E750}.Debug|Any CPU.ActiveCfg = Debug|Any CPU
		{F3A9C2FB-15E3-45C7-954B-038F3EE8E750}.Debug|Any CPU.Build.0 = Debug|Any CPU
		{F3A9C2FB-15E3-45C7-954B-038F3EE8E750}.Release|Any CPU.ActiveCfg = Release|Any CPU
		{F3A9C2FB-15E3-45C7-954B-038F3EE8E750}.Release|Any CPU.Build.0 = Release|Any CPU
	EndGlobalSection
	GlobalSection(SolutionProperties) = preSolution
		HideSolutionNode = FALSE
	EndGlobalSection
	GlobalSection(ExtensibilityGlobals) = postSolution
		SolutionGuid = {9132E5D6-EC33-4618-83A0-0F5901F63A05}
	EndGlobalSection
EndGlobal
